
Microsoft Visual Studio Solution File, Format Version 12.00
# Visual Studio Version 16
VisualStudioVersion = 16.0.30114.105
MinimumVisualStudioVersion = 10.0.40219.1
Project("{FAE04EC0-301F-11D3-BF4B-00C04F79EFBC}") = "RyonaRPG_ItemDataConverter", "RyonaRPG_ItemDataConverter\RyonaRPG_ItemDataConverter.csproj", "{0D0601D8-D888-440A-A7CE-E26A6318FE25}"
EndProject
Global
	GlobalSection(SolutionConfigurationPlatforms) = preSolution
		Debug|Any CPU = Debug|Any CPU
		Release|Any CPU = Release|Any CPU
	EndGlobalSection
	GlobalSection(ProjectConfigurationPlatforms) = postSolution
		{0D0601D8-D888-440A-A7CE-E26A6318FE25}.Debug|Any CPU.ActiveCfg = Debug|Any CPU
		{0D0601D8-D888-440A-A7CE-E26A6318FE25}.Debug|Any CPU.Build.0 = Debug|Any CPU
		{0D0601D8-D888-440A-A7CE-E26A6318FE25}.Release|Any CPU.ActiveCfg = Release|Any CPU
		{0D0601D8-D888-440A-A7CE-E26A6318FE25}.Release|Any CPU.Build.0 = Release|Any CPU
	EndGlobalSection
	GlobalSection(SolutionProperties) = preSolution
		HideSolutionNode = FALSE
	EndGlobalSection
	GlobalSection(ExtensibilityGlobals) = postSolution
		SolutionGuid = {E0739EC1-4E50-4ADD-AE90-D57F3F46D889}
	EndGlobalSection
EndGlobal
